// !$*UTF8*$!
{
	archiveVersion = 1;
	classes = {
	};
	objectVersion = 50;
	objects = {

/* Begin PBXBuildFile section */
		96521CFC21C563BB0005B24B /* AppDelegate.swift in Sources */ = {isa = PBXBuildFile; fileRef = 96521CFB21C563BB0005B24B /* AppDelegate.swift */; };
		96521D0121C563BB0005B24B /* Main.storyboard in Resources */ = {isa = PBXBuildFile; fileRef = 96521CFF21C563BB0005B24B /* Main.storyboard */; };
		96521D0421C563BB0005B24B /* VKClient.xcdatamodeld in Sources */ = {isa = PBXBuildFile; fileRef = 96521D0221C563BB0005B24B /* VKClient.xcdatamodeld */; };
		96521D0621C563BF0005B24B /* Assets.xcassets in Resources */ = {isa = PBXBuildFile; fileRef = 96521D0521C563BF0005B24B /* Assets.xcassets */; };
		96521D0921C563BF0005B24B /* LaunchScreen.storyboard in Resources */ = {isa = PBXBuildFile; fileRef = 96521D0721C563BF0005B24B /* LaunchScreen.storyboard */; };
		96521D1421C563BF0005B24B /* VKClientTests.swift in Sources */ = {isa = PBXBuildFile; fileRef = 96521D1321C563BF0005B24B /* VKClientTests.swift */; };
		96521D1F21C563C00005B24B /* VKClientUITests.swift in Sources */ = {isa = PBXBuildFile; fileRef = 96521D1E21C563C00005B24B /* VKClientUITests.swift */; };
		96521D2F21C56C4C0005B24B /* LoginFormController.swift in Sources */ = {isa = PBXBuildFile; fileRef = 96521D2E21C56C4C0005B24B /* LoginFormController.swift */; };
		96521D3221C571180005B24B /* CornerRadiusButton.swift in Sources */ = {isa = PBXBuildFile; fileRef = 96521D3121C571180005B24B /* CornerRadiusButton.swift */; };
		9660330A21F0A84B0011886B /* CommentControl.swift in Sources */ = {isa = PBXBuildFile; fileRef = 9660330921F0A84B0011886B /* CommentControl.swift */; };
		9660330C21F0A85B0011886B /* ShareControl.swift in Sources */ = {isa = PBXBuildFile; fileRef = 9660330B21F0A85B0011886B /* ShareControl.swift */; };
		9660331021F0C77C0011886B /* ViewsControl.swift in Sources */ = {isa = PBXBuildFile; fileRef = 9660330F21F0C77C0011886B /* ViewsControl.swift */; };
		9660331221F376C60011886B /* NewsAdavncedTableViewController.swift in Sources */ = {isa = PBXBuildFile; fileRef = 9660331121F376C60011886B /* NewsAdavncedTableViewController.swift */; };
		9660331621F3785C0011886B /* NewsTableViewCell.swift in Sources */ = {isa = PBXBuildFile; fileRef = 9660331421F3785C0011886B /* NewsTableViewCell.swift */; };
		9660331721F3785C0011886B /* NewsTableViewCell.xib in Resources */ = {isa = PBXBuildFile; fileRef = 9660331521F3785C0011886B /* NewsTableViewCell.xib */; };
		9660331A21F397210011886B /* NewsAdvancedCollectionViewCell.swift in Sources */ = {isa = PBXBuildFile; fileRef = 9660331821F397200011886B /* NewsAdvancedCollectionViewCell.swift */; };
		9660331B21F397210011886B /* NewsAdvancedCollectionViewCell.xib in Resources */ = {isa = PBXBuildFile; fileRef = 9660331921F397210011886B /* NewsAdvancedCollectionViewCell.xib */; };
		9660331D21F620AF0011886B /* News.swift in Sources */ = {isa = PBXBuildFile; fileRef = 9660331C21F620AF0011886B /* News.swift */; };
		9660332021F62C100011886B /* NewsOnePicTableViewCell.swift in Sources */ = {isa = PBXBuildFile; fileRef = 9660331E21F62C100011886B /* NewsOnePicTableViewCell.swift */; };
		9660332121F62C100011886B /* NewsOnePicTableViewCell.xib in Resources */ = {isa = PBXBuildFile; fileRef = 9660331F21F62C100011886B /* NewsOnePicTableViewCell.xib */; };
		966989E921E0EAA9006795A2 /* CircularShadowView.swift in Sources */ = {isa = PBXBuildFile; fileRef = 966989E821E0EAA9006795A2 /* CircularShadowView.swift */; };
		966989EB21E36CCD006795A2 /* CustomViewExtensions.swift in Sources */ = {isa = PBXBuildFile; fileRef = 966989EA21E36CCD006795A2 /* CustomViewExtensions.swift */; };
		966989ED21E36DBB006795A2 /* HeartButton.swift in Sources */ = {isa = PBXBuildFile; fileRef = 966989EC21E36DBB006795A2 /* HeartButton.swift */; };
		966989EF21E49FBB006795A2 /* LikeControl.swift in Sources */ = {isa = PBXBuildFile; fileRef = 966989EE21E49FBB006795A2 /* LikeControl.swift */; };
		966989F421ECC23C006795A2 /* SectionIndexManager.swift in Sources */ = {isa = PBXBuildFile; fileRef = 966989F321ECC23C006795A2 /* SectionIndexManager.swift */; };
		966C50B321F886FD0088E67D /* FirstLettersSearch.swift in Sources */ = {isa = PBXBuildFile; fileRef = 966C50B221F886FD0088E67D /* FirstLettersSearch.swift */; };
		966C50B521F9A1840088E67D /* ProgressStatusIndicator.swift in Sources */ = {isa = PBXBuildFile; fileRef = 966C50B421F9A1830088E67D /* ProgressStatusIndicator.swift */; };
		966C50B721F9DC2D0088E67D /* ImageTapAnimations.swift in Sources */ = {isa = PBXBuildFile; fileRef = 966C50B621F9DC2D0088E67D /* ImageTapAnimations.swift */; };
		966C50BA21FDF8DD0088E67D /* FullScreenImagePresenter.swift in Sources */ = {isa = PBXBuildFile; fileRef = 966C50B921FDF8DD0088E67D /* FullScreenImagePresenter.swift */; };
		966C50BC21FE036E0088E67D /* FullScreenCollectionViewCell.swift in Sources */ = {isa = PBXBuildFile; fileRef = 966C50BB21FE036E0088E67D /* FullScreenCollectionViewCell.swift */; };
		966C50BE21FF3BC50088E67D /* NaiveFullScreenPresenter.swift in Sources */ = {isa = PBXBuildFile; fileRef = 966C50BD21FF3BC50088E67D /* NaiveFullScreenPresenter.swift */; };
		96A79FED21D268F600320EAE /* Friends.swift in Sources */ = {isa = PBXBuildFile; fileRef = 96A79FEC21D268F600320EAE /* Friends.swift */; };
		96A79FEF21D2690800320EAE /* Groups.swift in Sources */ = {isa = PBXBuildFile; fileRef = 96A79FEE21D2690800320EAE /* Groups.swift */; };
		96A79FF121D269AC00320EAE /* ServerEmulator.swift in Sources */ = {isa = PBXBuildFile; fileRef = 96A79FF021D269AC00320EAE /* ServerEmulator.swift */; };
		96A79FF321D26A0B00320EAE /* NetworkClient.swift in Sources */ = {isa = PBXBuildFile; fileRef = 96A79FF221D26A0B00320EAE /* NetworkClient.swift */; };
		96A79FF721D3785800320EAE /* StorageEmulator.swift in Sources */ = {isa = PBXBuildFile; fileRef = 96A79FF621D3785800320EAE /* StorageEmulator.swift */; };
		96A79FF921D39D9900320EAE /* FriendsTableViewController.swift in Sources */ = {isa = PBXBuildFile; fileRef = 96A79FF821D39D9900320EAE /* FriendsTableViewController.swift */; };
		96A79FFD21D3AEF300320EAE /* FriendsListCell.swift in Sources */ = {isa = PBXBuildFile; fileRef = 96A79FFC21D3AEF300320EAE /* FriendsListCell.swift */; };
		96A79FFF21D3C47E00320EAE /* GroupsTableViewController.swift in Sources */ = {isa = PBXBuildFile; fileRef = 96A79FFE21D3C47E00320EAE /* GroupsTableViewController.swift */; };
		96A7A00121D3D05400320EAE /* GroupsListCell.swift in Sources */ = {isa = PBXBuildFile; fileRef = 96A7A00021D3D05400320EAE /* GroupsListCell.swift */; };
		96A7A00321D3DB2900320EAE /* CircularImageView.swift in Sources */ = {isa = PBXBuildFile; fileRef = 96A7A00221D3DB2900320EAE /* CircularImageView.swift */; };
		96A7A00521D401E400320EAE /* AllGroupsTableViewController.swift in Sources */ = {isa = PBXBuildFile; fileRef = 96A7A00421D401E400320EAE /* AllGroupsTableViewController.swift */; };
		96B5677B21D4301A00DC82DA /* FriendsCollectionViewCell.swift in Sources */ = {isa = PBXBuildFile; fileRef = 96B5677A21D4301A00DC82DA /* FriendsCollectionViewCell.swift */; };
		96FE3EAB21D42C6D0072A9D8 /* FriendsCollectionViewController.swift in Sources */ = {isa = PBXBuildFile; fileRef = 96FE3EAA21D42C6D0072A9D8 /* FriendsCollectionViewController.swift */; };
/* End PBXBuildFile section */

/* Begin PBXContainerItemProxy section */
		96521D1021C563BF0005B24B /* PBXContainerItemProxy */ = {
			isa = PBXContainerItemProxy;
			containerPortal = 96521CF021C563BB0005B24B /* Project object */;
			proxyType = 1;
			remoteGlobalIDString = 96521CF721C563BB0005B24B;
			remoteInfo = VKClient;
		};
		96521D1B21C563C00005B24B /* PBXContainerItemProxy */ = {
			isa = PBXContainerItemProxy;
			containerPortal = 96521CF021C563BB0005B24B /* Project object */;
			proxyType = 1;
			remoteGlobalIDString = 96521CF721C563BB0005B24B;
			remoteInfo = VKClient;
		};
/* End PBXContainerItemProxy section */

/* Begin PBXFileReference section */
		96521CF821C563BB0005B24B /* VKClient.app */ = {isa = PBXFileReference; explicitFileType = wrapper.application; includeInIndex = 0; path = VKClient.app; sourceTree = BUILT_PRODUCTS_DIR; };
		96521CFB21C563BB0005B24B /* AppDelegate.swift */ = {isa = PBXFileReference; lastKnownFileType = sourcecode.swift; path = AppDelegate.swift; sourceTree = "<group>"; };
		96521D0021C563BB0005B24B /* Base */ = {isa = PBXFileReference; lastKnownFileType = file.storyboard; name = Base; path = Base.lproj/Main.storyboard; sourceTree = "<group>"; };
		96521D0321C563BB0005B24B /* VKClient.xcdatamodel */ = {isa = PBXFileReference; lastKnownFileType = wrapper.xcdatamodel; path = VKClient.xcdatamodel; sourceTree = "<group>"; };
		96521D0521C563BF0005B24B /* Assets.xcassets */ = {isa = PBXFileReference; lastKnownFileType = folder.assetcatalog; path = Assets.xcassets; sourceTree = "<group>"; };
		96521D0821C563BF0005B24B /* Base */ = {isa = PBXFileReference; lastKnownFileType = file.storyboard; name = Base; path = Base.lproj/LaunchScreen.storyboard; sourceTree = "<group>"; };
		96521D0A21C563BF0005B24B /* Info.plist */ = {isa = PBXFileReference; lastKnownFileType = text.plist.xml; path = Info.plist; sourceTree = "<group>"; };
		96521D0F21C563BF0005B24B /* VKClientTests.xctest */ = {isa = PBXFileReference; explicitFileType = wrapper.cfbundle; includeInIndex = 0; path = VKClientTests.xctest; sourceTree = BUILT_PRODUCTS_DIR; };
		96521D1321C563BF0005B24B /* VKClientTests.swift */ = {isa = PBXFileReference; lastKnownFileType = sourcecode.swift; path = VKClientTests.swift; sourceTree = "<group>"; };
		96521D1521C563BF0005B24B /* Info.plist */ = {isa = PBXFileReference; lastKnownFileType = text.plist.xml; path = Info.plist; sourceTree = "<group>"; };
		96521D1A21C563C00005B24B /* VKClientUITests.xctest */ = {isa = PBXFileReference; explicitFileType = wrapper.cfbundle; includeInIndex = 0; path = VKClientUITests.xctest; sourceTree = BUILT_PRODUCTS_DIR; };
		96521D1E21C563C00005B24B /* VKClientUITests.swift */ = {isa = PBXFileReference; lastKnownFileType = sourcecode.swift; path = VKClientUITests.swift; sourceTree = "<group>"; };
		96521D2021C563C00005B24B /* Info.plist */ = {isa = PBXFileReference; lastKnownFileType = text.plist.xml; path = Info.plist; sourceTree = "<group>"; };
		96521D2E21C56C4C0005B24B /* LoginFormController.swift */ = {isa = PBXFileReference; lastKnownFileType = sourcecode.swift; path = LoginFormController.swift; sourceTree = "<group>"; };
		96521D3121C571180005B24B /* CornerRadiusButton.swift */ = {isa = PBXFileReference; lastKnownFileType = sourcecode.swift; path = CornerRadiusButton.swift; sourceTree = "<group>"; };
		9660330921F0A84B0011886B /* CommentControl.swift */ = {isa = PBXFileReference; lastKnownFileType = sourcecode.swift; path = CommentControl.swift; sourceTree = "<group>"; };
		9660330B21F0A85B0011886B /* ShareControl.swift */ = {isa = PBXFileReference; lastKnownFileType = sourcecode.swift; path = ShareControl.swift; sourceTree = "<group>"; };
		9660330F21F0C77C0011886B /* ViewsControl.swift */ = {isa = PBXFileReference; lastKnownFileType = sourcecode.swift; path = ViewsControl.swift; sourceTree = "<group>"; };
		9660331121F376C60011886B /* NewsAdavncedTableViewController.swift */ = {isa = PBXFileReference; lastKnownFileType = sourcecode.swift; path = NewsAdavncedTableViewController.swift; sourceTree = "<group>"; };
		9660331421F3785C0011886B /* NewsTableViewCell.swift */ = {isa = PBXFileReference; lastKnownFileType = sourcecode.swift; path = NewsTableViewCell.swift; sourceTree = "<group>"; };
		9660331521F3785C0011886B /* NewsTableViewCell.xib */ = {isa = PBXFileReference; lastKnownFileType = file.xib; path = NewsTableViewCell.xib; sourceTree = "<group>"; };
		9660331821F397200011886B /* NewsAdvancedCollectionViewCell.swift */ = {isa = PBXFileReference; lastKnownFileType = sourcecode.swift; path = NewsAdvancedCollectionViewCell.swift; sourceTree = "<group>"; };
		9660331921F397210011886B /* NewsAdvancedCollectionViewCell.xib */ = {isa = PBXFileReference; lastKnownFileType = file.xib; path = NewsAdvancedCollectionViewCell.xib; sourceTree = "<group>"; };
		9660331C21F620AF0011886B /* News.swift */ = {isa = PBXFileReference; lastKnownFileType = sourcecode.swift; path = News.swift; sourceTree = "<group>"; };
		9660331E21F62C100011886B /* NewsOnePicTableViewCell.swift */ = {isa = PBXFileReference; lastKnownFileType = sourcecode.swift; path = NewsOnePicTableViewCell.swift; sourceTree = "<group>"; };
		9660331F21F62C100011886B /* NewsOnePicTableViewCell.xib */ = {isa = PBXFileReference; lastKnownFileType = file.xib; path = NewsOnePicTableViewCell.xib; sourceTree = "<group>"; };
		966989E821E0EAA9006795A2 /* CircularShadowView.swift */ = {isa = PBXFileReference; lastKnownFileType = sourcecode.swift; path = CircularShadowView.swift; sourceTree = "<group>"; };
		966989EA21E36CCD006795A2 /* CustomViewExtensions.swift */ = {isa = PBXFileReference; lastKnownFileType = sourcecode.swift; path = CustomViewExtensions.swift; sourceTree = "<group>"; };
		966989EC21E36DBB006795A2 /* HeartButton.swift */ = {isa = PBXFileReference; lastKnownFileType = sourcecode.swift; path = HeartButton.swift; sourceTree = "<group>"; };
		966989EE21E49FBB006795A2 /* LikeControl.swift */ = {isa = PBXFileReference; lastKnownFileType = sourcecode.swift; path = LikeControl.swift; sourceTree = "<group>"; };
		966989F321ECC23C006795A2 /* SectionIndexManager.swift */ = {isa = PBXFileReference; lastKnownFileType = sourcecode.swift; path = SectionIndexManager.swift; sourceTree = "<group>"; };
		966C50B221F886FD0088E67D /* FirstLettersSearch.swift */ = {isa = PBXFileReference; lastKnownFileType = sourcecode.swift; path = FirstLettersSearch.swift; sourceTree = "<group>"; };
		966C50B421F9A1830088E67D /* ProgressStatusIndicator.swift */ = {isa = PBXFileReference; lastKnownFileType = sourcecode.swift; path = ProgressStatusIndicator.swift; sourceTree = "<group>"; };
		966C50B621F9DC2D0088E67D /* ImageTapAnimations.swift */ = {isa = PBXFileReference; lastKnownFileType = sourcecode.swift; path = ImageTapAnimations.swift; sourceTree = "<group>"; };
		966C50B921FDF8DD0088E67D /* FullScreenImagePresenter.swift */ = {isa = PBXFileReference; lastKnownFileType = sourcecode.swift; path = FullScreenImagePresenter.swift; sourceTree = "<group>"; };
		966C50BB21FE036E0088E67D /* FullScreenCollectionViewCell.swift */ = {isa = PBXFileReference; lastKnownFileType = sourcecode.swift; path = FullScreenCollectionViewCell.swift; sourceTree = "<group>"; };
		966C50BD21FF3BC50088E67D /* NaiveFullScreenPresenter.swift */ = {isa = PBXFileReference; lastKnownFileType = sourcecode.swift; path = NaiveFullScreenPresenter.swift; sourceTree = "<group>"; };
		96A79FEC21D268F600320EAE /* Friends.swift */ = {isa = PBXFileReference; lastKnownFileType = sourcecode.swift; path = Friends.swift; sourceTree = "<group>"; };
		96A79FEE21D2690800320EAE /* Groups.swift */ = {isa = PBXFileReference; lastKnownFileType = sourcecode.swift; path = Groups.swift; sourceTree = "<group>"; };
		96A79FF021D269AC00320EAE /* ServerEmulator.swift */ = {isa = PBXFileReference; lastKnownFileType = sourcecode.swift; path = ServerEmulator.swift; sourceTree = "<group>"; };
		96A79FF221D26A0B00320EAE /* NetworkClient.swift */ = {isa = PBXFileReference; lastKnownFileType = sourcecode.swift; path = NetworkClient.swift; sourceTree = "<group>"; };
		96A79FF621D3785800320EAE /* StorageEmulator.swift */ = {isa = PBXFileReference; lastKnownFileType = sourcecode.swift; path = StorageEmulator.swift; sourceTree = "<group>"; };
		96A79FF821D39D9900320EAE /* FriendsTableViewController.swift */ = {isa = PBXFileReference; lastKnownFileType = sourcecode.swift; path = FriendsTableViewController.swift; sourceTree = "<group>"; };
		96A79FFC21D3AEF300320EAE /* FriendsListCell.swift */ = {isa = PBXFileReference; lastKnownFileType = sourcecode.swift; path = FriendsListCell.swift; sourceTree = "<group>"; };
		96A79FFE21D3C47E00320EAE /* GroupsTableViewController.swift */ = {isa = PBXFileReference; lastKnownFileType = sourcecode.swift; path = GroupsTableViewController.swift; sourceTree = "<group>"; };
		96A7A00021D3D05400320EAE /* GroupsListCell.swift */ = {isa = PBXFileReference; lastKnownFileType = sourcecode.swift; path = GroupsListCell.swift; sourceTree = "<group>"; };
		96A7A00221D3DB2900320EAE /* CircularImageView.swift */ = {isa = PBXFileReference; lastKnownFileType = sourcecode.swift; path = CircularImageView.swift; sourceTree = "<group>"; };
		96A7A00421D401E400320EAE /* AllGroupsTableViewController.swift */ = {isa = PBXFileReference; lastKnownFileType = sourcecode.swift; path = AllGroupsTableViewController.swift; sourceTree = "<group>"; };
		96B5677A21D4301A00DC82DA /* FriendsCollectionViewCell.swift */ = {isa = PBXFileReference; lastKnownFileType = sourcecode.swift; path = FriendsCollectionViewCell.swift; sourceTree = "<group>"; };
		96FE3EAA21D42C6D0072A9D8 /* FriendsCollectionViewController.swift */ = {isa = PBXFileReference; lastKnownFileType = sourcecode.swift; path = FriendsCollectionViewController.swift; sourceTree = "<group>"; };
/* End PBXFileReference section */

/* Begin PBXFrameworksBuildPhase section */
		96521CF521C563BB0005B24B /* Frameworks */ = {
			isa = PBXFrameworksBuildPhase;
			buildActionMask = 2147483647;
			files = (
			);
			runOnlyForDeploymentPostprocessing = 0;
		};
		96521D0C21C563BF0005B24B /* Frameworks */ = {
			isa = PBXFrameworksBuildPhase;
			buildActionMask = 2147483647;
			files = (
			);
			runOnlyForDeploymentPostprocessing = 0;
		};
		96521D1721C563C00005B24B /* Frameworks */ = {
			isa = PBXFrameworksBuildPhase;
			buildActionMask = 2147483647;
			files = (
			);
			runOnlyForDeploymentPostprocessing = 0;
		};
/* End PBXFrameworksBuildPhase section */

/* Begin PBXGroup section */
		96521CEF21C563BB0005B24B = {
			isa = PBXGroup;
			children = (
				96521CFA21C563BB0005B24B /* VKClient */,
				96521D1221C563BF0005B24B /* VKClientTests */,
				96521D1D21C563C00005B24B /* VKClientUITests */,
				96521CF921C563BB0005B24B /* Products */,
			);
			sourceTree = "<group>";
		};
		96521CF921C563BB0005B24B /* Products */ = {
			isa = PBXGroup;
			children = (
				96521CF821C563BB0005B24B /* VKClient.app */,
				96521D0F21C563BF0005B24B /* VKClientTests.xctest */,
				96521D1A21C563C00005B24B /* VKClientUITests.xctest */,
			);
			name = Products;
			sourceTree = "<group>";
		};
		96521CFA21C563BB0005B24B /* VKClient */ = {
			isa = PBXGroup;
			children = (
				96A79FEB21D268D300320EAE /* Model */,
				96521D3021C570EA0005B24B /* CustomView */,
				966C50B821F9DCC70088E67D /* CustomAnimations */,
				9660330821F0A7EB0011886B /* CustomControls */,
				966989E721E0E2C4006795A2 /* ViewControllers */,
				9660331321F377F00011886B /* CustomCells */,
				966989F221ECC1FA006795A2 /* Utils */,
				96521CFB21C563BB0005B24B /* AppDelegate.swift */,
				96521CFF21C563BB0005B24B /* Main.storyboard */,
				96521D0521C563BF0005B24B /* Assets.xcassets */,
				96521D0721C563BF0005B24B /* LaunchScreen.storyboard */,
				96521D0A21C563BF0005B24B /* Info.plist */,
				96521D0221C563BB0005B24B /* VKClient.xcdatamodeld */,
			);
			path = VKClient;
			sourceTree = "<group>";
		};
		96521D1221C563BF0005B24B /* VKClientTests */ = {
			isa = PBXGroup;
			children = (
				96521D1321C563BF0005B24B /* VKClientTests.swift */,
				96521D1521C563BF0005B24B /* Info.plist */,
			);
			path = VKClientTests;
			sourceTree = "<group>";
		};
		96521D1D21C563C00005B24B /* VKClientUITests */ = {
			isa = PBXGroup;
			children = (
				96521D1E21C563C00005B24B /* VKClientUITests.swift */,
				96521D2021C563C00005B24B /* Info.plist */,
			);
			path = VKClientUITests;
			sourceTree = "<group>";
		};
		96521D3021C570EA0005B24B /* CustomView */ = {
			isa = PBXGroup;
			children = (
				96521D3121C571180005B24B /* CornerRadiusButton.swift */,
				96A7A00221D3DB2900320EAE /* CircularImageView.swift */,
				966C50B421F9A1830088E67D /* ProgressStatusIndicator.swift */,
				966989E821E0EAA9006795A2 /* CircularShadowView.swift */,
				966989EA21E36CCD006795A2 /* CustomViewExtensions.swift */,
				966989EC21E36DBB006795A2 /* HeartButton.swift */,
			);
			path = CustomView;
			sourceTree = "<group>";
		};
		9660330821F0A7EB0011886B /* CustomControls */ = {
			isa = PBXGroup;
			children = (
				966989EE21E49FBB006795A2 /* LikeControl.swift */,
				9660330921F0A84B0011886B /* CommentControl.swift */,
				9660330B21F0A85B0011886B /* ShareControl.swift */,
				9660330F21F0C77C0011886B /* ViewsControl.swift */,
			);
			path = CustomControls;
			sourceTree = "<group>";
		};
		9660331321F377F00011886B /* CustomCells */ = {
			isa = PBXGroup;
			children = (
				96B5677A21D4301A00DC82DA /* FriendsCollectionViewCell.swift */,
				966C50BB21FE036E0088E67D /* FullScreenCollectionViewCell.swift */,
				96A79FFC21D3AEF300320EAE /* FriendsListCell.swift */,
				96A7A00021D3D05400320EAE /* GroupsListCell.swift */,
				9660331E21F62C100011886B /* NewsOnePicTableViewCell.swift */,
				9660331F21F62C100011886B /* NewsOnePicTableViewCell.xib */,
				9660331421F3785C0011886B /* NewsTableViewCell.swift */,
				9660331521F3785C0011886B /* NewsTableViewCell.xib */,
				9660331821F397200011886B /* NewsAdvancedCollectionViewCell.swift */,
				9660331921F397210011886B /* NewsAdvancedCollectionViewCell.xib */,
			);
			path = CustomCells;
			sourceTree = "<group>";
		};
		966989E721E0E2C4006795A2 /* ViewControllers */ = {
			isa = PBXGroup;
			children = (
				96521D2E21C56C4C0005B24B /* LoginFormController.swift */,
				96A79FF821D39D9900320EAE /* FriendsTableViewController.swift */,
				96A79FFE21D3C47E00320EAE /* GroupsTableViewController.swift */,
				96A7A00421D401E400320EAE /* AllGroupsTableViewController.swift */,
				96FE3EAA21D42C6D0072A9D8 /* FriendsCollectionViewController.swift */,
				966C50B921FDF8DD0088E67D /* FullScreenImagePresenter.swift */,
				966C50BD21FF3BC50088E67D /* NaiveFullScreenPresenter.swift */,
				9660331121F376C60011886B /* NewsAdavncedTableViewController.swift */,
			);
			path = ViewControllers;
			sourceTree = "<group>";
		};
		966989F221ECC1FA006795A2 /* Utils */ = {
			isa = PBXGroup;
			children = (
				966989F321ECC23C006795A2 /* SectionIndexManager.swift */,
				966C50B221F886FD0088E67D /* FirstLettersSearch.swift */,
			);
			path = Utils;
			sourceTree = "<group>";
		};
		966C50B821F9DCC70088E67D /* CustomAnimations */ = {
			isa = PBXGroup;
			children = (
				966C50B621F9DC2D0088E67D /* ImageTapAnimations.swift */,
			);
			path = CustomAnimations;
			sourceTree = "<group>";
		};
		96A79FEB21D268D300320EAE /* Model */ = {
			isa = PBXGroup;
			children = (
				96A79FEC21D268F600320EAE /* Friends.swift */,
				9660331C21F620AF0011886B /* News.swift */,
				96A79FEE21D2690800320EAE /* Groups.swift */,
				96A79FF021D269AC00320EAE /* ServerEmulator.swift */,
				96A79FF221D26A0B00320EAE /* NetworkClient.swift */,
				96A79FF621D3785800320EAE /* StorageEmulator.swift */,
			);
			path = Model;
			sourceTree = "<group>";
		};
/* End PBXGroup section */

/* Begin PBXNativeTarget section */
		96521CF721C563BB0005B24B /* VKClient */ = {
			isa = PBXNativeTarget;
			buildConfigurationList = 96521D2321C563C00005B24B /* Build configuration list for PBXNativeTarget "VKClient" */;
			buildPhases = (
				96521CF421C563BB0005B24B /* Sources */,
				96521CF521C563BB0005B24B /* Frameworks */,
				96521CF621C563BB0005B24B /* Resources */,
			);
			buildRules = (
			);
			dependencies = (
			);
			name = VKClient;
			productName = VKClient;
			productReference = 96521CF821C563BB0005B24B /* VKClient.app */;
			productType = "com.apple.product-type.application";
		};
		96521D0E21C563BF0005B24B /* VKClientTests */ = {
			isa = PBXNativeTarget;
			buildConfigurationList = 96521D2621C563C00005B24B /* Build configuration list for PBXNativeTarget "VKClientTests" */;
			buildPhases = (
				96521D0B21C563BF0005B24B /* Sources */,
				96521D0C21C563BF0005B24B /* Frameworks */,
				96521D0D21C563BF0005B24B /* Resources */,
			);
			buildRules = (
			);
			dependencies = (
				96521D1121C563BF0005B24B /* PBXTargetDependency */,
			);
			name = VKClientTests;
			productName = VKClientTests;
			productReference = 96521D0F21C563BF0005B24B /* VKClientTests.xctest */;
			productType = "com.apple.product-type.bundle.unit-test";
		};
		96521D1921C563C00005B24B /* VKClientUITests */ = {
			isa = PBXNativeTarget;
			buildConfigurationList = 96521D2921C563C00005B24B /* Build configuration list for PBXNativeTarget "VKClientUITests" */;
			buildPhases = (
				96521D1621C563C00005B24B /* Sources */,
				96521D1721C563C00005B24B /* Frameworks */,
				96521D1821C563C00005B24B /* Resources */,
			);
			buildRules = (
			);
			dependencies = (
				96521D1C21C563C00005B24B /* PBXTargetDependency */,
			);
			name = VKClientUITests;
			productName = VKClientUITests;
			productReference = 96521D1A21C563C00005B24B /* VKClientUITests.xctest */;
			productType = "com.apple.product-type.bundle.ui-testing";
		};
/* End PBXNativeTarget section */

/* Begin PBXProject section */
		96521CF021C563BB0005B24B /* Project object */ = {
			isa = PBXProject;
			attributes = {
				LastSwiftUpdateCheck = 1010;
				LastUpgradeCheck = 1010;
				ORGANIZATIONNAME = "Gennady Stepanov";
				TargetAttributes = {
					96521CF721C563BB0005B24B = {
						CreatedOnToolsVersion = 10.1;
					};
					96521D0E21C563BF0005B24B = {
						CreatedOnToolsVersion = 10.1;
						TestTargetID = 96521CF721C563BB0005B24B;
					};
					96521D1921C563C00005B24B = {
						CreatedOnToolsVersion = 10.1;
						TestTargetID = 96521CF721C563BB0005B24B;
					};
				};
			};
			buildConfigurationList = 96521CF321C563BB0005B24B /* Build configuration list for PBXProject "VKClient" */;
			compatibilityVersion = "Xcode 9.3";
			developmentRegion = en;
			hasScannedForEncodings = 0;
			knownRegions = (
				en,
				Base,
			);
			mainGroup = 96521CEF21C563BB0005B24B;
			productRefGroup = 96521CF921C563BB0005B24B /* Products */;
			projectDirPath = "";
			projectRoot = "";
			targets = (
				96521CF721C563BB0005B24B /* VKClient */,
				96521D0E21C563BF0005B24B /* VKClientTests */,
				96521D1921C563C00005B24B /* VKClientUITests */,
			);
		};
/* End PBXProject section */

/* Begin PBXResourcesBuildPhase section */
		96521CF621C563BB0005B24B /* Resources */ = {
			isa = PBXResourcesBuildPhase;
			buildActionMask = 2147483647;
			files = (
				96521D0921C563BF0005B24B /* LaunchScreen.storyboard in Resources */,
				96521D0621C563BF0005B24B /* Assets.xcassets in Resources */,
				9660332121F62C100011886B /* NewsOnePicTableViewCell.xib in Resources */,
				9660331721F3785C0011886B /* NewsTableViewCell.xib in Resources */,
				9660331B21F397210011886B /* NewsAdvancedCollectionViewCell.xib in Resources */,
				96521D0121C563BB0005B24B /* Main.storyboard in Resources */,
			);
			runOnlyForDeploymentPostprocessing = 0;
		};
		96521D0D21C563BF0005B24B /* Resources */ = {
			isa = PBXResourcesBuildPhase;
			buildActionMask = 2147483647;
			files = (
			);
			runOnlyForDeploymentPostprocessing = 0;
		};
		96521D1821C563C00005B24B /* Resources */ = {
			isa = PBXResourcesBuildPhase;
			buildActionMask = 2147483647;
			files = (
			);
			runOnlyForDeploymentPostprocessing = 0;
		};
/* End PBXResourcesBuildPhase section */

/* Begin PBXSourcesBuildPhase section */
		96521CF421C563BB0005B24B /* Sources */ = {
			isa = PBXSourcesBuildPhase;
			buildActionMask = 2147483647;
			files = (
				96A7A00121D3D05400320EAE /* GroupsListCell.swift in Sources */,
				966989F421ECC23C006795A2 /* SectionIndexManager.swift in Sources */,
				9660331021F0C77C0011886B /* ViewsControl.swift in Sources */,
				96521D3221C571180005B24B /* CornerRadiusButton.swift in Sources */,
				9660330A21F0A84B0011886B /* CommentControl.swift in Sources */,
				96B5677B21D4301A00DC82DA /* FriendsCollectionViewCell.swift in Sources */,
				966C50BC21FE036E0088E67D /* FullScreenCollectionViewCell.swift in Sources */,
				96A7A00521D401E400320EAE /* AllGroupsTableViewController.swift in Sources */,
				96521D2F21C56C4C0005B24B /* LoginFormController.swift in Sources */,
				96A79FFD21D3AEF300320EAE /* FriendsListCell.swift in Sources */,
				966C50B721F9DC2D0088E67D /* ImageTapAnimations.swift in Sources */,
				966C50BE21FF3BC50088E67D /* NaiveFullScreenPresenter.swift in Sources */,
				96521D0421C563BB0005B24B /* VKClient.xcdatamodeld in Sources */,
				96FE3EAB21D42C6D0072A9D8 /* FriendsCollectionViewController.swift in Sources */,
				96A79FF121D269AC00320EAE /* ServerEmulator.swift in Sources */,
				9660330C21F0A85B0011886B /* ShareControl.swift in Sources */,
				9660331221F376C60011886B /* NewsAdavncedTableViewController.swift in Sources */,
				966C50B521F9A1840088E67D /* ProgressStatusIndicator.swift in Sources */,
				9660332021F62C100011886B /* NewsOnePicTableViewCell.swift in Sources */,
				96A79FFF21D3C47E00320EAE /* GroupsTableViewController.swift in Sources */,
				9660331A21F397210011886B /* NewsAdvancedCollectionViewCell.swift in Sources */,
				96A79FF921D39D9900320EAE /* FriendsTableViewController.swift in Sources */,
				966989EB21E36CCD006795A2 /* CustomViewExtensions.swift in Sources */,
				9660331D21F620AF0011886B /* News.swift in Sources */,
				96A79FF721D3785800320EAE /* StorageEmulator.swift in Sources */,
				966C50BA21FDF8DD0088E67D /* FullScreenImagePresenter.swift in Sources */,
				96A7A00321D3DB2900320EAE /* CircularImageView.swift in Sources */,
				96A79FED21D268F600320EAE /* Friends.swift in Sources */,
				966989ED21E36DBB006795A2 /* HeartButton.swift in Sources */,
				9660331621F3785C0011886B /* NewsTableViewCell.swift in Sources */,
				966989EF21E49FBB006795A2 /* LikeControl.swift in Sources */,
				96521CFC21C563BB0005B24B /* AppDelegate.swift in Sources */,
				96A79FEF21D2690800320EAE /* Groups.swift in Sources */,
				966C50B321F886FD0088E67D /* FirstLettersSearch.swift in Sources */,
				96A79FF321D26A0B00320EAE /* NetworkClient.swift in Sources */,
				966989E921E0EAA9006795A2 /* CircularShadowView.swift in Sources */,
			);
			runOnlyForDeploymentPostprocessing = 0;
		};
		96521D0B21C563BF0005B24B /* Sources */ = {
			isa = PBXSourcesBuildPhase;
			buildActionMask = 2147483647;
			files = (
				96521D1421C563BF0005B24B /* VKClientTests.swift in Sources */,
			);
			runOnlyForDeploymentPostprocessing = 0;
		};
		96521D1621C563C00005B24B /* Sources */ = {
			isa = PBXSourcesBuildPhase;
			buildActionMask = 2147483647;
			files = (
				96521D1F21C563C00005B24B /* VKClientUITests.swift in Sources */,
			);
			runOnlyForDeploymentPostprocessing = 0;
		};
/* End PBXSourcesBuildPhase section */

/* Begin PBXTargetDependency section */
		96521D1121C563BF0005B24B /* PBXTargetDependency */ = {
			isa = PBXTargetDependency;
			target = 96521CF721C563BB0005B24B /* VKClient */;
			targetProxy = 96521D1021C563BF0005B24B /* PBXContainerItemProxy */;
		};
		96521D1C21C563C00005B24B /* PBXTargetDependency */ = {
			isa = PBXTargetDependency;
			target = 96521CF721C563BB0005B24B /* VKClient */;
			targetProxy = 96521D1B21C563C00005B24B /* PBXContainerItemProxy */;
		};
/* End PBXTargetDependency section */

/* Begin PBXVariantGroup section */
		96521CFF21C563BB0005B24B /* Main.storyboard */ = {
			isa = PBXVariantGroup;
			children = (
				96521D0021C563BB0005B24B /* Base */,
			);
			name = Main.storyboard;
			sourceTree = "<group>";
		};
		96521D0721C563BF0005B24B /* LaunchScreen.storyboard */ = {
			isa = PBXVariantGroup;
			children = (
				96521D0821C563BF0005B24B /* Base */,
			);
			name = LaunchScreen.storyboard;
			sourceTree = "<group>";
		};
/* End PBXVariantGroup section */

/* Begin XCBuildConfiguration section */
		96521D2121C563C00005B24B /* Debug */ = {
			isa = XCBuildConfiguration;
			buildSettings = {
				ALWAYS_SEARCH_USER_PATHS = NO;
				CLANG_ANALYZER_NONNULL = YES;
				CLANG_ANALYZER_NUMBER_OBJECT_CONVERSION = YES_AGGRESSIVE;
				CLANG_CXX_LANGUAGE_STANDARD = "gnu++14";
				CLANG_CXX_LIBRARY = "libc++";
				CLANG_ENABLE_MODULES = YES;
				CLANG_ENABLE_OBJC_ARC = YES;
				CLANG_ENABLE_OBJC_WEAK = YES;
				CLANG_WARN_BLOCK_CAPTURE_AUTORELEASING = YES;
				CLANG_WARN_BOOL_CONVERSION = YES;
				CLANG_WARN_COMMA = YES;
				CLANG_WARN_CONSTANT_CONVERSION = YES;
				CLANG_WARN_DEPRECATED_OBJC_IMPLEMENTATIONS = YES;
				CLANG_WARN_DIRECT_OBJC_ISA_USAGE = YES_ERROR;
				CLANG_WARN_DOCUMENTATION_COMMENTS = YES;
				CLANG_WARN_EMPTY_BODY = YES;
				CLANG_WARN_ENUM_CONVERSION = YES;
				CLANG_WARN_INFINITE_RECURSION = YES;
				CLANG_WARN_INT_CONVERSION = YES;
				CLANG_WARN_NON_LITERAL_NULL_CONVERSION = YES;
				CLANG_WARN_OBJC_IMPLICIT_RETAIN_SELF = YES;
				CLANG_WARN_OBJC_LITERAL_CONVERSION = YES;
				CLANG_WARN_OBJC_ROOT_CLASS = YES_ERROR;
				CLANG_WARN_RANGE_LOOP_ANALYSIS = YES;
				CLANG_WARN_STRICT_PROTOTYPES = YES;
				CLANG_WARN_SUSPICIOUS_MOVE = YES;
				CLANG_WARN_UNGUARDED_AVAILABILITY = YES_AGGRESSIVE;
				CLANG_WARN_UNREACHABLE_CODE = YES;
				CLANG_WARN__DUPLICATE_METHOD_MATCH = YES;
				CODE_SIGN_IDENTITY = "iPhone Developer";
				COPY_PHASE_STRIP = NO;
				DEBUG_INFORMATION_FORMAT = dwarf;
				ENABLE_STRICT_OBJC_MSGSEND = YES;
				ENABLE_TESTABILITY = YES;
				GCC_C_LANGUAGE_STANDARD = gnu11;
				GCC_DYNAMIC_NO_PIC = NO;
				GCC_NO_COMMON_BLOCKS = YES;
				GCC_OPTIMIZATION_LEVEL = 0;
				GCC_PREPROCESSOR_DEFINITIONS = (
					"DEBUG=1",
					"$(inherited)",
				);
				GCC_WARN_64_TO_32_BIT_CONVERSION = YES;
				GCC_WARN_ABOUT_RETURN_TYPE = YES_ERROR;
				GCC_WARN_UNDECLARED_SELECTOR = YES;
				GCC_WARN_UNINITIALIZED_AUTOS = YES_AGGRESSIVE;
				GCC_WARN_UNUSED_FUNCTION = YES;
				GCC_WARN_UNUSED_VARIABLE = YES;
				IPHONEOS_DEPLOYMENT_TARGET = 12.1;
				MTL_ENABLE_DEBUG_INFO = INCLUDE_SOURCE;
				MTL_FAST_MATH = YES;
				ONLY_ACTIVE_ARCH = YES;
				SDKROOT = iphoneos;
				SWIFT_ACTIVE_COMPILATION_CONDITIONS = DEBUG;
				SWIFT_OPTIMIZATION_LEVEL = "-Onone";
			};
			name = Debug;
		};
		96521D2221C563C00005B24B /* Release */ = {
			isa = XCBuildConfiguration;
			buildSettings = {
				ALWAYS_SEARCH_USER_PATHS = NO;
				CLANG_ANALYZER_NONNULL = YES;
				CLANG_ANALYZER_NUMBER_OBJECT_CONVERSION = YES_AGGRESSIVE;
				CLANG_CXX_LANGUAGE_STANDARD = "gnu++14";
				CLANG_CXX_LIBRARY = "libc++";
				CLANG_ENABLE_MODULES = YES;
				CLANG_ENABLE_OBJC_ARC = YES;
				CLANG_ENABLE_OBJC_WEAK = YES;
				CLANG_WARN_BLOCK_CAPTURE_AUTORELEASING = YES;
				CLANG_WARN_BOOL_CONVERSION = YES;
				CLANG_WARN_COMMA = YES;
				CLANG_WARN_CONSTANT_CONVERSION = YES;
				CLANG_WARN_DEPRECATED_OBJC_IMPLEMENTATIONS = YES;
				CLANG_WARN_DIRECT_OBJC_ISA_USAGE = YES_ERROR;
				CLANG_WARN_DOCUMENTATION_COMMENTS = YES;
				CLANG_WARN_EMPTY_BODY = YES;
				CLANG_WARN_ENUM_CONVERSION = YES;
				CLANG_WARN_INFINITE_RECURSION = YES;
				CLANG_WARN_INT_CONVERSION = YES;
				CLANG_WARN_NON_LITERAL_NULL_CONVERSION = YES;
				CLANG_WARN_OBJC_IMPLICIT_RETAIN_SELF = YES;
				CLANG_WARN_OBJC_LITERAL_CONVERSION = YES;
				CLANG_WARN_OBJC_ROOT_CLASS = YES_ERROR;
				CLANG_WARN_RANGE_LOOP_ANALYSIS = YES;
				CLANG_WARN_STRICT_PROTOTYPES = YES;
				CLANG_WARN_SUSPICIOUS_MOVE = YES;
				CLANG_WARN_UNGUARDED_AVAILABILITY = YES_AGGRESSIVE;
				CLANG_WARN_UNREACHABLE_CODE = YES;
				CLANG_WARN__DUPLICATE_METHOD_MATCH = YES;
				CODE_SIGN_IDENTITY = "iPhone Developer";
				COPY_PHASE_STRIP = NO;
				DEBUG_INFORMATION_FORMAT = "dwarf-with-dsym";
				ENABLE_NS_ASSERTIONS = NO;
				ENABLE_STRICT_OBJC_MSGSEND = YES;
				GCC_C_LANGUAGE_STANDARD = gnu11;
				GCC_NO_COMMON_BLOCKS = YES;
				GCC_WARN_64_TO_32_BIT_CONVERSION = YES;
				GCC_WARN_ABOUT_RETURN_TYPE = YES_ERROR;
				GCC_WARN_UNDECLARED_SELECTOR = YES;
				GCC_WARN_UNINITIALIZED_AUTOS = YES_AGGRESSIVE;
				GCC_WARN_UNUSED_FUNCTION = YES;
				GCC_WARN_UNUSED_VARIABLE = YES;
				IPHONEOS_DEPLOYMENT_TARGET = 12.1;
				MTL_ENABLE_DEBUG_INFO = NO;
				MTL_FAST_MATH = YES;
				SDKROOT = iphoneos;
				SWIFT_COMPILATION_MODE = wholemodule;
				SWIFT_OPTIMIZATION_LEVEL = "-O";
				VALIDATE_PRODUCT = YES;
			};
			name = Release;
		};
		96521D2421C563C00005B24B /* Debug */ = {
			isa = XCBuildConfiguration;
			buildSettings = {
				ASSETCATALOG_COMPILER_APPICON_NAME = AppIcon;
				CODE_SIGN_STYLE = Automatic;
				DEVELOPMENT_TEAM = TQK53PF52L;
				INFOPLIST_FILE = VKClient/Info.plist;
				LD_RUNPATH_SEARCH_PATHS = (
					"$(inherited)",
					"@executable_path/Frameworks",
				);
				PRODUCT_BUNDLE_IDENTIFIER = ru.geekbrains.VKClient;
				PRODUCT_NAME = "$(TARGET_NAME)";
				SWIFT_VERSION = 4.2;
				TARGETED_DEVICE_FAMILY = "1,2";
			};
			name = Debug;
		};
		96521D2521C563C00005B24B /* Release */ = {
			isa = XCBuildConfiguration;
			buildSettings = {
				ASSETCATALOG_COMPILER_APPICON_NAME = AppIcon;
				CODE_SIGN_STYLE = Automatic;
				DEVELOPMENT_TEAM = TQK53PF52L;
				INFOPLIST_FILE = VKClient/Info.plist;
				LD_RUNPATH_SEARCH_PATHS = (
					"$(inherited)",
					"@executable_path/Frameworks",
				);
				PRODUCT_BUNDLE_IDENTIFIER = ru.geekbrains.VKClient;
				PRODUCT_NAME = "$(TARGET_NAME)";
				SWIFT_VERSION = 4.2;
				TARGETED_DEVICE_FAMILY = "1,2";
			};
			name = Release;
		};
		96521D2721C563C00005B24B /* Debug */ = {
			isa = XCBuildConfiguration;
			buildSettings = {
				ALWAYS_EMBED_SWIFT_STANDARD_LIBRARIES = YES;
				BUNDLE_LOADER = "$(TEST_HOST)";
				CODE_SIGN_STYLE = Automatic;
				DEVELOPMENT_TEAM = TQK53PF52L;
				INFOPLIST_FILE = VKClientTests/Info.plist;
				LD_RUNPATH_SEARCH_PATHS = (
					"$(inherited)",
					"@executable_path/Frameworks",
					"@loader_path/Frameworks",
				);
				PRODUCT_BUNDLE_IDENTIFIER = ru.geekbrains.VKClientTests;
				PRODUCT_NAME = "$(TARGET_NAME)";
				SWIFT_VERSION = 4.2;
				TARGETED_DEVICE_FAMILY = "1,2";
				TEST_HOST = "$(BUILT_PRODUCTS_DIR)/VKClient.app/VKClient";
			};
			name = Debug;
		};
		96521D2821C563C00005B24B /* Release */ = {
			isa = XCBuildConfiguration;
			buildSettings = {
				ALWAYS_EMBED_SWIFT_STANDARD_LIBRARIES = YES;
				BUNDLE_LOADER = "$(TEST_HOST)";
				CODE_SIGN_STYLE = Automatic;
				DEVELOPMENT_TEAM = TQK53PF52L;
				INFOPLIST_FILE = VKClientTests/Info.plist;
				LD_RUNPATH_SEARCH_PATHS = (
					"$(inherited)",
					"@executable_path/Frameworks",
					"@loader_path/Frameworks",
				);
				PRODUCT_BUNDLE_IDENTIFIER = ru.geekbrains.VKClientTests;
				PRODUCT_NAME = "$(TARGET_NAME)";
				SWIFT_VERSION = 4.2;
				TARGETED_DEVICE_FAMILY = "1,2";
				TEST_HOST = "$(BUILT_PRODUCTS_DIR)/VKClient.app/VKClient";
			};
			name = Release;
		};
		96521D2A21C563C00005B24B /* Debug */ = {
			isa = XCBuildConfiguration;
			buildSettings = {
				ALWAYS_EMBED_SWIFT_STANDARD_LIBRARIES = YES;
				CODE_SIGN_STYLE = Automatic;
				DEVELOPMENT_TEAM = TQK53PF52L;
				INFOPLIST_FILE = VKClientUITests/Info.plist;
				LD_RUNPATH_SEARCH_PATHS = (
					"$(inherited)",
					"@executable_path/Frameworks",
					"@loader_path/Frameworks",
				);
				PRODUCT_BUNDLE_IDENTIFIER = ru.geekbrains.VKClientUITests;
				PRODUCT_NAME = "$(TARGET_NAME)";
				SWIFT_VERSION = 4.2;
				TARGETED_DEVICE_FAMILY = "1,2";
				TEST_TARGET_NAME = VKClient;
			};
			name = Debug;
		};
		96521D2B21C563C00005B24B /* Release */ = {
			isa = XCBuildConfiguration;
			buildSettings = {
				ALWAYS_EMBED_SWIFT_STANDARD_LIBRARIES = YES;
				CODE_SIGN_STYLE = Automatic;
				DEVELOPMENT_TEAM = TQK53PF52L;
				INFOPLIST_FILE = VKClientUITests/Info.plist;
				LD_RUNPATH_SEARCH_PATHS = (
					"$(inherited)",
					"@executable_path/Frameworks",
					"@loader_path/Frameworks",
				);
				PRODUCT_BUNDLE_IDENTIFIER = ru.geekbrains.VKClientUITests;
				PRODUCT_NAME = "$(TARGET_NAME)";
				SWIFT_VERSION = 4.2;
				TARGETED_DEVICE_FAMILY = "1,2";
				TEST_TARGET_NAME = VKClient;
			};
			name = Release;
		};
/* End XCBuildConfiguration section */

/* Begin XCConfigurationList section */
		96521CF321C563BB0005B24B /* Build configuration list for PBXProject "VKClient" */ = {
			isa = XCConfigurationList;
			buildConfigurations = (
				96521D2121C563C00005B24B /* Debug */,
				96521D2221C563C00005B24B /* Release */,
			);
			defaultConfigurationIsVisible = 0;
			defaultConfigurationName = Release;
		};
		96521D2321C563C00005B24B /* Build configuration list for PBXNativeTarget "VKClient" */ = {
			isa = XCConfigurationList;
			buildConfigurations = (
				96521D2421C563C00005B24B /* Debug */,
				96521D2521C563C00005B24B /* Release */,
			);
			defaultConfigurationIsVisible = 0;
			defaultConfigurationName = Release;
		};
		96521D2621C563C00005B24B /* Build configuration list for PBXNativeTarget "VKClientTests" */ = {
			isa = XCConfigurationList;
			buildConfigurations = (
				96521D2721C563C00005B24B /* Debug */,
				96521D2821C563C00005B24B /* Release */,
			);
			defaultConfigurationIsVisible = 0;
			defaultConfigurationName = Release;
		};
		96521D2921C563C00005B24B /* Build configuration list for PBXNativeTarget "VKClientUITests" */ = {
			isa = XCConfigurationList;
			buildConfigurations = (
				96521D2A21C563C00005B24B /* Debug */,
				96521D2B21C563C00005B24B /* Release */,
			);
			defaultConfigurationIsVisible = 0;
			defaultConfigurationName = Release;
		};
/* End XCConfigurationList section */

/* Begin XCVersionGroup section */
		96521D0221C563BB0005B24B /* VKClient.xcdatamodeld */ = {
			isa = XCVersionGroup;
			children = (
				96521D0321C563BB0005B24B /* VKClient.xcdatamodel */,
			);
			currentVersion = 96521D0321C563BB0005B24B /* VKClient.xcdatamodel */;
			path = VKClient.xcdatamodeld;
			sourceTree = "<group>";
			versionGroupType = wrapper.xcdatamodel;
		};
/* End XCVersionGroup section */
	};
	rootObject = 96521CF021C563BB0005B24B /* Project object */;
}
